<?xml version="1.0" encoding="utf-8"?>
<Project ToolsVersion="4.0" xmlns="http://schemas.microsoft.com/developer/msbuild/2003">
  <ItemGroup>
    <Filter Include="SpaceGame">
      <UniqueIdentifier>{49460bbd-d619-49c3-ac7e-69a5cffce23f}</UniqueIdentifier>
    </Filter>
    <Filter Include="SpaceGame\Headers">
      <UniqueIdentifier>{c8b84cfb-467b-4e51-b9c0-83243526e106}</UniqueIdentifier>
    </Filter>
    <Filter Include="SpaceGame\Sources">
      <UniqueIdentifier>{2d123eed-a33a-4b57-8163-c1699efd08da}</UniqueIdentifier>
    </Filter>
    <Filter Include="SpriteGame">
      <UniqueIdentifier>{30bfe30a-54a4-461d-97a9-76c68500898c}</UniqueIdentifier>
    </Filter>
    <Filter Include="SpriteGame\Headers">
      <UniqueIdentifier>{54073408-cae8-47ee-ae6c-1fa6e67ee078}</UniqueIdentifier>
    </Filter>
    <Filter Include="SpriteGame\Sources">
      <UniqueIdentifier>{5d5d8e1d-b0b0-438d-800f-e3fe6a068980}</UniqueIdentifier>
    </Filter>
    <Filter Include="SpriteGame\Assets">
      <UniqueIdentifier>{caf43d25-7726-4d3f-96e6-23428b41ac4a}</UniqueIdentifier>
    </Filter>
    <Filter Include="SpriteGame\Assets\Scenes">
      <UniqueIdentifier>{aecb31b4-fba0-4231-83d1-1a49211e42e1}</UniqueIdentifier>
    </Filter>
    <Filter Include="SpriteGame\Assets\Animations">
      <UniqueIdentifier>{4c22e43b-0019-4c68-9b3b-22a578560a54}</UniqueIdentifier>
    </Filter>
    <Filter Include="SpriteGame\Assets\Tilemaps">
      <UniqueIdentifier>{c858ac26-efc0-4d52-880d-15c8cb1f9150}</UniqueIdentifier>
    </Filter>
    <Filter Include="SpaceGame\Assets">
      <UniqueIdentifier>{59d26e8f-0987-4df9-925a-f905a8aae694}</UniqueIdentifier>
    </Filter>
    <Filter Include="SpaceGame\Assets\Tilemaps">
      <UniqueIdentifier>{22b5699e-e98b-4abe-9a6c-6a597b31ebef}</UniqueIdentifier>
    </Filter>
    <Filter Include="SpaceGame\Assets\Animations">
      <UniqueIdentifier>{2dbddb2d-6f3a-4cb5-9a78-b5a593b5db2c}</UniqueIdentifier>
    </Filter>
    <Filter Include="SpaceGame\Assets\Scenes">
      <UniqueIdentifier>{74c4740b-1e9f-465b-ba0e-3bde967de0ee}</UniqueIdentifier>
    </Filter>
  </ItemGroup>
  <ItemGroup>
    <ClCompile Include="Assets.cpp">
      <Filter>SpriteGame\Assets</Filter>
    </ClCompile>
    <ClCompile Include="Main.cpp" />
    <ClCompile Include="SpaceGame\Bullet.cpp">
      <Filter>SpaceGame\Sources</Filter>
    </ClCompile>
    <ClCompile Include="SpaceGame\Enemy.cpp">
      <Filter>SpaceGame\Sources</Filter>
    </ClCompile>
    <ClCompile Include="SpaceGame\Player.cpp">
      <Filter>SpaceGame\Sources</Filter>
    </ClCompile>
    <ClCompile Include="SpaceGame\SpaceGame.cpp">
      <Filter>SpaceGame\Sources</Filter>
    </ClCompile>
    <ClCompile Include="SpriteGame\SpriteGame.cpp">
      <Filter>SpriteGame\Sources</Filter>
    </ClCompile>
    <ClCompile Include="SpriteGame\PlayerController.cpp">
      <Filter>SpriteGame\Sources</Filter>
    </ClCompile>
    <ClCompile Include="SpriteGame\EnemyController.cpp">
      <Filter>SpriteGame\Sources</Filter>
    </ClCompile>
  </ItemGroup>
  <ItemGroup>
    <ClInclude Include="Assets.h">
      <Filter>SpriteGame\Assets</Filter>
    </ClInclude>
    <ClInclude Include="SpaceGame\SpaceGame.h">
      <Filter>SpaceGame\Headers</Filter>
    </ClInclude>
    <ClInclude Include="SpaceGame\Player.h">
      <Filter>SpaceGame\Headers</Filter>
    </ClInclude>
    <ClInclude Include="SpaceGame\Enemy.h">
      <Filter>SpaceGame\Headers</Filter>
    </ClInclude>
    <ClInclude Include="SpaceGame\Bullet.h">
      <Filter>SpaceGame\Headers</Filter>
    </ClInclude>
    <ClInclude Include="SpriteGame\SpriteGame.h">
      <Filter>SpriteGame\Headers</Filter>
    </ClInclude>
    <ClInclude Include="SpriteGame\PlayerController.h">
      <Filter>SpriteGame\Headers</Filter>
    </ClInclude>
    <ClInclude Include="SpriteGame\EnemyController.h">
      <Filter>SpriteGame\Headers</Filter>
    </ClInclude>
  </ItemGroup>
  <ItemGroup>
    <None Include="..\Build\Assets\SpaceGame\Scenes\Scene.json">
      <Filter>SpaceGame\Assets\Scenes</Filter>
    </None>
    <None Include="..\Build\Assets\SpriteGame\Scenes\Scene.json">
      <Filter>SpriteGame\Assets\Scenes</Filter>
    </None>
    <None Include="..\Build\Assets\SpriteGame\Animations\Goblin_attack.json">
      <Filter>SpriteGame\Assets\Animations</Filter>
    </None>
    <None Include="..\Build\Assets\SpriteGame\Animations\Goblin_attack2.json">
      <Filter>SpriteGame\Assets\Animations</Filter>
    </None>
    <None Include="..\Build\Assets\SpriteGame\Animations\Goblin_death.json">
      <Filter>SpriteGame\Assets\Animations</Filter>
    </None>
    <None Include="..\Build\Assets\SpriteGame\Animations\Goblin_idle.json">
      <Filter>SpriteGame\Assets\Animations</Filter>
    </None>
    <None Include="..\Build\Assets\SpriteGame\Animations\Goblin_run.json">
      <Filter>SpriteGame\Assets\Animations</Filter>
    </None>
    <None Include="..\Build\Assets\SpriteGame\Animations\Goblin_takeHit.json">
      <Filter>SpriteGame\Assets\Animations</Filter>
    </None>
    <None Include="..\Build\Assets\SpriteGame\Tilemaps\World.json">
      <Filter>SpriteGame\Assets\Tilemaps</Filter>
    </None>
    <None Include="..\Build\Assets\SpriteGame\Scenes\Level.json">
      <Filter>SpriteGame\Assets\Scenes</Filter>
    </None>
  </ItemGroup>
</Project>