<?xml version="1.0" encoding="utf-8"?>
<Project ToolsVersion="4.0" xmlns="http://schemas.microsoft.com/developer/msbuild/2003">
  <ItemGroup>
    <Filter Include="Components">
      <UniqueIdentifier>{d9b24f4f-494b-49f9-a13a-1f2c5b045b41}</UniqueIdentifier>
    </Filter>
    <Filter Include="Audio">
      <UniqueIdentifier>{e710925d-4d73-4a1c-89c5-55383842fb9b}</UniqueIdentifier>
    </Filter>
    <Filter Include="Core">
      <UniqueIdentifier>{2e7edb1a-6f24-46ab-9b79-d92cd03c619a}</UniqueIdentifier>
    </Filter>
    <Filter Include="Framework">
      <UniqueIdentifier>{c9d23054-b0c5-4309-82ae-31e85e36c257}</UniqueIdentifier>
    </Filter>
    <Filter Include="Components\Headers">
      <UniqueIdentifier>{7736e923-7265-4b8c-9627-ad5c1f624f3e}</UniqueIdentifier>
    </Filter>
    <Filter Include="Audio\Headers">
      <UniqueIdentifier>{bf60735b-104b-4ba7-a582-461dcb093ad7}</UniqueIdentifier>
    </Filter>
    <Filter Include="Core\Headers">
      <UniqueIdentifier>{57315bb8-1c0b-48f8-b508-0d195a1275cc}</UniqueIdentifier>
    </Filter>
    <Filter Include="Components\SourceFiles">
      <UniqueIdentifier>{53af4d6d-40a0-442a-b29e-7c8935def2da}</UniqueIdentifier>
    </Filter>
    <Filter Include="Framework\Headers">
      <UniqueIdentifier>{c2b38814-62a1-4c77-acfc-bed67f1b1b26}</UniqueIdentifier>
    </Filter>
    <Filter Include="Math">
      <UniqueIdentifier>{a6dc1bf7-f25b-44bd-b0d8-3d3ff9b63ee3}</UniqueIdentifier>
    </Filter>
    <Filter Include="Serialization">
      <UniqueIdentifier>{5e00f3bd-96eb-456f-95fb-58bfd6124dbc}</UniqueIdentifier>
    </Filter>
    <Filter Include="Core\Sources">
      <UniqueIdentifier>{3f05b390-03c5-4109-816d-70e83e687ef6}</UniqueIdentifier>
    </Filter>
    <Filter Include="Framework\Sources">
      <UniqueIdentifier>{e9e32902-bd8d-4aad-b830-98a511b9be1b}</UniqueIdentifier>
    </Filter>
    <Filter Include="Audio\Sources">
      <UniqueIdentifier>{2db8e99a-92cc-4dd7-9b9c-927f8397e803}</UniqueIdentifier>
    </Filter>
    <Filter Include="Serialization\Headers">
      <UniqueIdentifier>{4eed7880-3776-4ea2-8728-66af841dae22}</UniqueIdentifier>
    </Filter>
    <Filter Include="Serialization\Sources">
      <UniqueIdentifier>{4eef227d-e4be-4061-9c3c-3c0eab959d50}</UniqueIdentifier>
    </Filter>
    <Filter Include="Resources">
      <UniqueIdentifier>{27faaa31-fd8c-497d-af82-0af3635ae99b}</UniqueIdentifier>
    </Filter>
    <Filter Include="Input">
      <UniqueIdentifier>{29001708-ba12-48a3-a1a4-65a2f9692d07}</UniqueIdentifier>
    </Filter>
    <Filter Include="Input\Headers">
      <UniqueIdentifier>{d633b883-befa-42e2-aa53-e14e3e3943bc}</UniqueIdentifier>
    </Filter>
    <Filter Include="Input\Sources">
      <UniqueIdentifier>{82a4e2d4-1d91-4ec1-9ccb-0d51da7e415a}</UniqueIdentifier>
    </Filter>
    <Filter Include="Renderer">
      <UniqueIdentifier>{5f89fce3-2492-4e80-a561-6b9e551438a0}</UniqueIdentifier>
    </Filter>
    <Filter Include="Renderer\Headers">
      <UniqueIdentifier>{d576b1c4-bb0b-48be-a881-8d0768cefaf5}</UniqueIdentifier>
    </Filter>
    <Filter Include="Renderer\Sources">
      <UniqueIdentifier>{7bfc8b3e-028d-42e8-87dd-8521325f8c4a}</UniqueIdentifier>
    </Filter>
    <Filter Include="Physics">
      <UniqueIdentifier>{4e8f5f3e-f583-46d3-aa3c-b8a0c13aa2ae}</UniqueIdentifier>
    </Filter>
    <Filter Include="Physics\Headers">
      <UniqueIdentifier>{e6f3cc1a-5878-4a72-b5e6-87868a7f71f6}</UniqueIdentifier>
    </Filter>
    <Filter Include="Physics\Sources">
      <UniqueIdentifier>{69f8870e-5ab8-4171-a982-47f4b86bff94}</UniqueIdentifier>
    </Filter>
  </ItemGroup>
  <ItemGroup>
    <ClInclude Include="Components\CircleColliderComponent.h">
      <Filter>Components\Headers</Filter>
    </ClInclude>
    <ClInclude Include="Components\ColliderComponent.h">
      <Filter>Components\Headers</Filter>
    </ClInclude>
    <ClInclude Include="Components\RendererComponent.h">
      <Filter>Components\Headers</Filter>
    </ClInclude>
    <ClInclude Include="Components\SpriteRendererComponent.h">
      <Filter>Components\Headers</Filter>
    </ClInclude>
    <ClInclude Include="Framework\framework.h">
      <Filter>Framework\Headers</Filter>
    </ClInclude>
    <ClInclude Include="Engine.h" />
    <ClInclude Include="Physics\Physics.h">
      <Filter>Physics\Headers</Filter>
    </ClInclude>
    <ClInclude Include="Math\Rect.h">
      <Filter>Math</Filter>
    </ClInclude>
    <ClInclude Include="Math\Transform.h">
      <Filter>Math</Filter>
    </ClInclude>
    <ClInclude Include="Math\Vector2.h">
      <Filter>Math</Filter>
    </ClInclude>
    <ClInclude Include="Math\Vector3.h">
      <Filter>Math</Filter>
    </ClInclude>
    <ClInclude Include="Math\EngineMath.h">
      <Filter>Math</Filter>
    </ClInclude>
    <ClInclude Include="Renderer\TextureFrames.h">
      <Filter>Renderer\Headers</Filter>
    </ClInclude>
    <ClInclude Include="Core\File.h">
      <Filter>Core\Headers</Filter>
    </ClInclude>
    <ClInclude Include="Core\EngineStrings.h">
      <Filter>Core\Headers</Filter>
    </ClInclude>
    <ClInclude Include="Core\EngineTime.h">
      <Filter>Core\Headers</Filter>
    </ClInclude>
    <ClInclude Include="Core\Factory.h">
      <Filter>Core\Headers</Filter>
    </ClInclude>
    <ClInclude Include="Core\Random.h">
      <Filter>Core\Headers</Filter>
    </ClInclude>
    <ClInclude Include="Core\Singleton.h">
      <Filter>Core\Headers</Filter>
    </ClInclude>
    <ClInclude Include="Framework\Actor.h">
      <Filter>Framework\Headers</Filter>
    </ClInclude>
    <ClInclude Include="Framework\Object.h">
      <Filter>Framework\Headers</Filter>
    </ClInclude>
    <ClInclude Include="Framework\Scene.h">
      <Filter>Framework\Headers</Filter>
    </ClInclude>
    <ClInclude Include="Framework\Game.h">
      <Filter>Framework\Headers</Filter>
    </ClInclude>
    <ClInclude Include="Renderer\Font.h">
      <Filter>Renderer\Headers</Filter>
    </ClInclude>
    <ClInclude Include="Renderer\Mesh.h">
      <Filter>Renderer\Headers</Filter>
    </ClInclude>
    <ClInclude Include="Renderer\Model.h">
      <Filter>Renderer\Headers</Filter>
    </ClInclude>
    <ClInclude Include="Renderer\ParticleSystem.h">
      <Filter>Renderer\Headers</Filter>
    </ClInclude>
    <ClInclude Include="Renderer\Renderer.h">
      <Filter>Renderer\Headers</Filter>
    </ClInclude>
    <ClInclude Include="Renderer\Text.h">
      <Filter>Renderer\Headers</Filter>
    </ClInclude>
    <ClInclude Include="Renderer\Texture.h">
      <Filter>Renderer\Headers</Filter>
    </ClInclude>
    <ClInclude Include="Audio\Audio.h">
      <Filter>Audio\Headers</Filter>
    </ClInclude>
    <ClInclude Include="Components\Component.h">
      <Filter>Components\Headers</Filter>
    </ClInclude>
    <ClInclude Include="Input\Input.h">
      <Filter>Input\Headers</Filter>
    </ClInclude>
    <ClInclude Include="Resources\Resource.h">
      <Filter>Resources</Filter>
    </ClInclude>
    <ClInclude Include="Resources\ResourceManager.h">
      <Filter>Resources</Filter>
    </ClInclude>
    <ClInclude Include="Serialization\JSON.h">
      <Filter>Serialization\Headers</Filter>
    </ClInclude>
    <ClInclude Include="Components\SpriteAnimationRendererComponent.h">
      <Filter>Components\Headers</Filter>
    </ClInclude>
    <ClInclude Include="Components\PhysicsComponent.h">
      <Filter>Components\Headers</Filter>
    </ClInclude>
    <ClInclude Include="Components\RigidBodyPhysicsComponent.h">
      <Filter>Components\Headers</Filter>
    </ClInclude>
    <ClInclude Include="pch.h" />
    <ClInclude Include="Physics\PhysicsBody.h">
      <Filter>Physics\Headers</Filter>
    </ClInclude>
    <ClInclude Include="Renderer\Tilemap.h">
      <Filter>Renderer\Headers</Filter>
    </ClInclude>
    <ClInclude Include="Components\TilemapRendererComponent.h">
      <Filter>Components\Headers</Filter>
    </ClInclude>
    <ClInclude Include="Components\Box2DPhysicsComponent.h">
      <Filter>Components\Headers</Filter>
    </ClInclude>
  </ItemGroup>
  <ItemGroup>
    <ClCompile Include="Components\CircleColliderComponent.cpp">
      <Filter>Components\SourceFiles</Filter>
    </ClCompile>
    <ClCompile Include="Components\SpriteRendererComponent.cpp">
      <Filter>Components\SourceFiles</Filter>
    </ClCompile>
    <ClCompile Include="Physics\Physics.cpp">
      <Filter>Physics\Sources</Filter>
    </ClCompile>
    <ClCompile Include="Engine.cpp" />
    <ClCompile Include="Renderer\TextureFrames.cpp">
      <Filter>Renderer\Sources</Filter>
    </ClCompile>
    <ClCompile Include="Core\EngineTime.cpp">
      <Filter>Core\Sources</Filter>
    </ClCompile>
    <ClCompile Include="Core\File.cpp">
      <Filter>Core\Sources</Filter>
    </ClCompile>
    <ClCompile Include="Framework\Actor.cpp">
      <Filter>Framework\Sources</Filter>
    </ClCompile>
    <ClCompile Include="Framework\Scene.cpp">
      <Filter>Framework\Sources</Filter>
    </ClCompile>
    <ClCompile Include="Framework\Game.cpp">
      <Filter>Framework\Sources</Filter>
    </ClCompile>
    <ClCompile Include="Renderer\Texture.cpp">
      <Filter>Renderer\Sources</Filter>
    </ClCompile>
    <ClCompile Include="Renderer\Text.cpp">
      <Filter>Renderer\Sources</Filter>
    </ClCompile>
    <ClCompile Include="Renderer\Renderer.cpp">
      <Filter>Renderer\Sources</Filter>
    </ClCompile>
    <ClCompile Include="Renderer\ParticleSystem.cpp">
      <Filter>Renderer\Sources</Filter>
    </ClCompile>
    <ClCompile Include="Renderer\Model.cpp">
      <Filter>Renderer\Sources</Filter>
    </ClCompile>
    <ClCompile Include="Renderer\Mesh.cpp">
      <Filter>Renderer\Sources</Filter>
    </ClCompile>
    <ClCompile Include="Renderer\Font.cpp">
      <Filter>Renderer\Sources</Filter>
    </ClCompile>
    <ClCompile Include="Audio\Audio.cpp">
      <Filter>Audio\Sources</Filter>
    </ClCompile>
    <ClCompile Include="Input\Input.cpp">
      <Filter>Input\Sources</Filter>
    </ClCompile>
    <ClCompile Include="Serialization\JSON.cpp">
      <Filter>Serialization\Sources</Filter>
    </ClCompile>
    <ClCompile Include="pch.cpp" />
    <ClCompile Include="Components\SpriteAnimationRendererComponent.cpp">
      <Filter>Components\SourceFiles</Filter>
    </ClCompile>
    <ClCompile Include="Components\PhysicsComponent.cpp">
      <Filter>Components\SourceFiles</Filter>
    </ClCompile>
    <ClCompile Include="Components\RigidBodyPhysicsComponent.cpp">
      <Filter>Components\SourceFiles</Filter>
    </ClCompile>
    <ClCompile Include="Physics\PhysicsBody.cpp">
      <Filter>Physics\Sources</Filter>
    </ClCompile>
    <ClCompile Include="Renderer\Tilemap.cpp">
      <Filter>Renderer\Sources</Filter>
    </ClCompile>
    <ClCompile Include="Components\TilemapRendererComponent.cpp">
      <Filter>Components\SourceFiles</Filter>
    </ClCompile>
    <ClCompile Include="Components\Box2DPhysicsComponent.cpp">
      <Filter>Components\SourceFiles</Filter>
    </ClCompile>
  </ItemGroup>
</Project>