<?xml version="1.0" encoding="utf-8"?>
<Project ToolsVersion="4.0" xmlns="http://schemas.microsoft.com/developer/msbuild/2003">
  <ItemGroup>
    <Filter Include="Source Files">
      <UniqueIdentifier>{4FC737F1-C7A5-4376-A066-2A32D752A2FF}</UniqueIdentifier>
      <Extensions>cpp;c;cc;cxx;c++;cppm;ixx;def;odl;idl;hpj;bat;asm;asmx</Extensions>
    </Filter>
    <Filter Include="Header Files">
      <UniqueIdentifier>{93995380-89BD-4b04-88EB-625FBE52EBFB}</UniqueIdentifier>
      <Extensions>h;hh;hpp;hxx;h++;hm;inl;inc;ipp;xsd</Extensions>
    </Filter>
    <Filter Include="Resource Files">
      <UniqueIdentifier>{67DA6AB6-F800-4c08-8B7A-83BB121AAD01}</UniqueIdentifier>
      <Extensions>rc;ico;cur;bmp;dlg;rc2;rct;bin;rgs;gif;jpg;jpeg;jpe;resx;tiff;tif;png;wav;mfcribbon-ms</Extensions>
    </Filter>
    <Filter Include="Components">
      <UniqueIdentifier>{d9b24f4f-494b-49f9-a13a-1f2c5b045b41}</UniqueIdentifier>
    </Filter>
    <Filter Include="Audio">
      <UniqueIdentifier>{e710925d-4d73-4a1c-89c5-55383842fb9b}</UniqueIdentifier>
    </Filter>
    <Filter Include="Core">
      <UniqueIdentifier>{2e7edb1a-6f24-46ab-9b79-d92cd03c619a}</UniqueIdentifier>
    </Filter>
    <Filter Include="Framework">
      <UniqueIdentifier>{c9d23054-b0c5-4309-82ae-31e85e36c257}</UniqueIdentifier>
    </Filter>
    <Filter Include="Physics">
      <UniqueIdentifier>{4e8f5f3e-f583-46d3-aa3c-b8a0c13aa2ae}</UniqueIdentifier>
    </Filter>
    <Filter Include="Components\Headers">
      <UniqueIdentifier>{7736e923-7265-4b8c-9627-ad5c1f624f3e}</UniqueIdentifier>
    </Filter>
    <Filter Include="Audio\Headers">
      <UniqueIdentifier>{bf60735b-104b-4ba7-a582-461dcb093ad7}</UniqueIdentifier>
    </Filter>
    <Filter Include="Core\Headers">
      <UniqueIdentifier>{57315bb8-1c0b-48f8-b508-0d195a1275cc}</UniqueIdentifier>
    </Filter>
    <Filter Include="Physics\Headers">
      <UniqueIdentifier>{e6f3cc1a-5878-4a72-b5e6-87868a7f71f6}</UniqueIdentifier>
    </Filter>
    <Filter Include="Physics\SourceFiles">
      <UniqueIdentifier>{69f8870e-5ab8-4171-a982-47f4b86bff94}</UniqueIdentifier>
    </Filter>
    <Filter Include="Components\SourceFiles">
      <UniqueIdentifier>{53af4d6d-40a0-442a-b29e-7c8935def2da}</UniqueIdentifier>
    </Filter>
    <Filter Include="Framework\Headers">
      <UniqueIdentifier>{c2b38814-62a1-4c77-acfc-bed67f1b1b26}</UniqueIdentifier>
    </Filter>
  </ItemGroup>
  <ItemGroup>
    <ClInclude Include="Scene.h">
      <Filter>Header Files</Filter>
    </ClInclude>
    <ClInclude Include="Object.h">
      <Filter>Header Files</Filter>
    </ClInclude>
    <ClInclude Include="Game.h">
      <Filter>Header Files</Filter>
    </ClInclude>
    <ClInclude Include="Components\CircleColliderComponent.h">
      <Filter>Components\Headers</Filter>
    </ClInclude>
    <ClInclude Include="Components\ColliderComponent.h">
      <Filter>Components\Headers</Filter>
    </ClInclude>
    <ClInclude Include="Component.h">
      <Filter>Components\Headers</Filter>
    </ClInclude>
    <ClInclude Include="Components\RendererComponent.h">
      <Filter>Components\Headers</Filter>
    </ClInclude>
    <ClInclude Include="Components\SpriteRendererComponent.h">
      <Filter>Components\Headers</Filter>
    </ClInclude>
    <ClInclude Include="Audio.h">
      <Filter>Audio\Headers</Filter>
    </ClInclude>
    <ClInclude Include="EngineMath.h">
      <Filter>Core\Headers</Filter>
    </ClInclude>
    <ClInclude Include="EngineStrings.h">
      <Filter>Core\Headers</Filter>
    </ClInclude>
    <ClInclude Include="EngineTime.h">
      <Filter>Core\Headers</Filter>
    </ClInclude>
    <ClInclude Include="Factory.h">
      <Filter>Core\Headers</Filter>
    </ClInclude>
    <ClInclude Include="File.h">
      <Filter>Core\Headers</Filter>
    </ClInclude>
    <ClInclude Include="Input.h">
      <Filter>Core\Headers</Filter>
    </ClInclude>
    <ClInclude Include="JSON.h">
      <Filter>Core\Headers</Filter>
    </ClInclude>
    <ClInclude Include="pch.h">
      <Filter>Core\Headers</Filter>
    </ClInclude>
    <ClInclude Include="Random.h">
      <Filter>Core\Headers</Filter>
    </ClInclude>
    <ClInclude Include="Singleton.h">
      <Filter>Core\Headers</Filter>
    </ClInclude>
    <ClInclude Include="Framework\framework.h">
      <Filter>Framework\Headers</Filter>
    </ClInclude>
    <ClInclude Include="Actor.h">
      <Filter>Header Files</Filter>
    </ClInclude>
    <ClInclude Include="Font.h">
      <Filter>Header Files</Filter>
    </ClInclude>
    <ClInclude Include="Mesh.h">
      <Filter>Header Files</Filter>
    </ClInclude>
    <ClInclude Include="Model.h">
      <Filter>Header Files</Filter>
    </ClInclude>
    <ClInclude Include="ParticleSystem.h">
      <Filter>Header Files</Filter>
    </ClInclude>
    <ClInclude Include="Renderer.h">
      <Filter>Header Files</Filter>
    </ClInclude>
    <ClInclude Include="Resource.h">
      <Filter>Header Files</Filter>
    </ClInclude>
    <ClInclude Include="ResourceManager.h">
      <Filter>Header Files</Filter>
    </ClInclude>
    <ClInclude Include="Text.h">
      <Filter>Header Files</Filter>
    </ClInclude>
    <ClInclude Include="Texture.h">
      <Filter>Header Files</Filter>
    </ClInclude>
    <ClInclude Include="Transform.h">
      <Filter>Header Files</Filter>
    </ClInclude>
    <ClInclude Include="Vector2.h">
      <Filter>Header Files</Filter>
    </ClInclude>
    <ClInclude Include="Vector3.h">
      <Filter>Header Files</Filter>
    </ClInclude>
    <ClInclude Include="Engine.h" />
    <ClInclude Include="Physics\Physics.h">
      <Filter>Physics\Headers</Filter>
    </ClInclude>
  </ItemGroup>
  <ItemGroup>
    <ClCompile Include="pch.cpp">
      <Filter>Source Files</Filter>
    </ClCompile>
    <ClCompile Include="Renderer.cpp">
      <Filter>Source Files</Filter>
    </ClCompile>
    <ClCompile Include="Input.cpp">
      <Filter>Source Files</Filter>
    </ClCompile>
    <ClCompile Include="EngineTime.cpp">
      <Filter>Source Files</Filter>
    </ClCompile>
    <ClCompile Include="Actor.cpp">
      <Filter>Source Files</Filter>
    </ClCompile>
    <ClCompile Include="Scene.cpp">
      <Filter>Source Files</Filter>
    </ClCompile>
    <ClCompile Include="Audio.cpp">
      <Filter>Source Files</Filter>
    </ClCompile>
    <ClCompile Include="File.cpp">
      <Filter>Source Files</Filter>
    </ClCompile>
    <ClCompile Include="Model.cpp">
      <Filter>Source Files</Filter>
    </ClCompile>
    <ClCompile Include="Mesh.cpp">
      <Filter>Source Files</Filter>
    </ClCompile>
    <ClCompile Include="Font.cpp">
      <Filter>Source Files</Filter>
    </ClCompile>
    <ClCompile Include="Text.cpp">
      <Filter>Source Files</Filter>
    </ClCompile>
    <ClCompile Include="Game.cpp">
      <Filter>Source Files</Filter>
    </ClCompile>
    <ClCompile Include="ParticleSystem.cpp">
      <Filter>Source Files</Filter>
    </ClCompile>
    <ClCompile Include="Texture.cpp">
      <Filter>Source Files</Filter>
    </ClCompile>
    <ClCompile Include="JSON.cpp">
      <Filter>Source Files</Filter>
    </ClCompile>
    <ClCompile Include="Components\CircleColliderComponent.cpp">
      <Filter>Components\SourceFiles</Filter>
    </ClCompile>
    <ClCompile Include="Components\SpriteRendererComponent.cpp">
      <Filter>Components\SourceFiles</Filter>
    </ClCompile>
    <ClCompile Include="Physics\Physics.cpp">
      <Filter>Physics\SourceFiles</Filter>
    </ClCompile>
    <ClCompile Include="Engine.cpp" />
  </ItemGroup>
</Project>